
Microsoft Visual Studio Solution File, Format Version 12.00
# Visual Studio Version 17
VisualStudioVersion = 17.14.36414.22 d17.14
MinimumVisualStudioVersion = 10.0.40219.1
Project("{FAE04EC0-301F-11D3-BF4B-00C04F79EFBC}") = "MVC", "MVC\MVC.csproj", "{1F6124D1-A404-443F-AA69-A583CC79CC5F}"
EndProject
Global
	GlobalSection(SolutionConfigurationPlatforms) = preSolution
		Debug|Any CPU = Debug|Any CPU
		Release|Any CPU = Release|Any CPU
	EndGlobalSection
	GlobalSection(ProjectConfigurationPlatforms) = postSolution
		{1F6124D1-A404-443F-AA69-A583CC79CC5F}.Debug|Any CPU.ActiveCfg = Debug|Any CPU
		{1F6124D1-A404-443F-AA69-A583CC79CC5F}.Debug|Any CPU.Build.0 = Debug|Any CPU
		{1F6124D1-A404-443F-AA69-A583CC79CC5F}.Release|Any CPU.ActiveCfg = Release|Any CPU
		{1F6124D1-A404-443F-AA69-A583CC79CC5F}.Release|Any CPU.Build.0 = Release|Any CPU
	EndGlobalSection
	GlobalSection(SolutionProperties) = preSolution
		HideSolutionNode = FALSE
	EndGlobalSection
	GlobalSection(ExtensibilityGlobals) = postSolution
		SolutionGuid = {DBC839BD-7643-4946-8117-7CDD12794CDE}
	EndGlobalSection
EndGlobal
